PODS:
  - WarpGeometryFilter (0.1.0)

DEPENDENCIES:
  - WarpGeometryFilter (from `../`)

EXTERNAL SOURCES:
  WarpGeometryFilter:
    :path: "../"

SPEC CHECKSUMS:
  WarpGeometryFilter: 6c89c3a4be74c59fe54915c7fcbf77f4ba31ffed

PODFILE CHECKSUM: 420c3d7f47b49baf7750c4d30e5b826f5ba43fee

COCOAPODS: 1.7.5
